// !$*UTF8*$!
{
	archiveVersion = 1;
	classes = {
	};
	objectVersion = 55;
	objects = {

/* Begin PBXBuildFile section */
		F82DB85E29090F5000D88BEC /* HeaderView.swift in Sources */ = {isa = PBXBuildFile; fileRef = F82DB85D29090F5000D88BEC /* HeaderView.swift */; };
		F82DB860290916D900D88BEC /* RecommendedClothesView.swift in Sources */ = {isa = PBXBuildFile; fileRef = F82DB85F290916D900D88BEC /* RecommendedClothesView.swift */; };
		F82DB86229091B9800D88BEC /* HourlyForecastView.swift in Sources */ = {isa = PBXBuildFile; fileRef = F82DB86129091B9800D88BEC /* HourlyForecastView.swift */; };
		F82DB86429091BA600D88BEC /* HourlyView.swift in Sources */ = {isa = PBXBuildFile; fileRef = F82DB86329091BA600D88BEC /* HourlyView.swift */; };
		F82DB8662909228C00D88BEC /* DailyForecastView.swift in Sources */ = {isa = PBXBuildFile; fileRef = F82DB8652909228C00D88BEC /* DailyForecastView.swift */; };
		F82DB8682909229400D88BEC /* DailyView.swift in Sources */ = {isa = PBXBuildFile; fileRef = F82DB8672909229400D88BEC /* DailyView.swift */; };
		F82DB86A2909265C00D88BEC /* CurrentInfoView.swift in Sources */ = {isa = PBXBuildFile; fileRef = F82DB8692909265C00D88BEC /* CurrentInfoView.swift */; };
		F82DB87129092B3800D88BEC /* HalfSheetController.swift in Sources */ = {isa = PBXBuildFile; fileRef = F82DB87029092B3800D88BEC /* HalfSheetController.swift */; };
		F83ECE772907BD6F00E826F0 /* HowWeatherApp.swift in Sources */ = {isa = PBXBuildFile; fileRef = F83ECE762907BD6F00E826F0 /* HowWeatherApp.swift */; };
		F83ECE792907BD6F00E826F0 /* HomeView.swift in Sources */ = {isa = PBXBuildFile; fileRef = F83ECE782907BD6F00E826F0 /* HomeView.swift */; };
		F83ECE7B2907BD7400E826F0 /* Assets.xcassets in Resources */ = {isa = PBXBuildFile; fileRef = F83ECE7A2907BD7400E826F0 /* Assets.xcassets */; };
		F83ECE7E2907BD7400E826F0 /* Preview Assets.xcassets in Resources */ = {isa = PBXBuildFile; fileRef = F83ECE7D2907BD7400E826F0 /* Preview Assets.xcassets */; };
		F899F4FB2913FC27005F0605 /* CurrentWeather.swift in Sources */ = {isa = PBXBuildFile; fileRef = F899F4FA2913FC27005F0605 /* CurrentWeather.swift */; };
		F899F50629140009005F0605 /* WeatherViewModel.swift in Sources */ = {isa = PBXBuildFile; fileRef = F899F50529140009005F0605 /* WeatherViewModel.swift */; };
		F899F50829140F19005F0605 /* ForecastWeather.swift in Sources */ = {isa = PBXBuildFile; fileRef = F899F50729140F19005F0605 /* ForecastWeather.swift */; };
		F899F50A29140FC0005F0605 /* Forecast.swift in Sources */ = {isa = PBXBuildFile; fileRef = F899F50929140FC0005F0605 /* Forecast.swift */; };
		F899F50C2914111F005F0605 /* WeatherAPIService.swift in Sources */ = {isa = PBXBuildFile; fileRef = F899F50B2914111F005F0605 /* WeatherAPIService.swift */; };
/* End PBXBuildFile section */

/* Begin PBXFileReference section */
		F82DB85D29090F5000D88BEC /* HeaderView.swift */ = {isa = PBXFileReference; lastKnownFileType = sourcecode.swift; path = HeaderView.swift; sourceTree = "<group>"; };
		F82DB85F290916D900D88BEC /* RecommendedClothesView.swift */ = {isa = PBXFileReference; lastKnownFileType = sourcecode.swift; path = RecommendedClothesView.swift; sourceTree = "<group>"; };
		F82DB86129091B9800D88BEC /* HourlyForecastView.swift */ = {isa = PBXFileReference; lastKnownFileType = sourcecode.swift; path = HourlyForecastView.swift; sourceTree = "<group>"; };
		F82DB86329091BA600D88BEC /* HourlyView.swift */ = {isa = PBXFileReference; lastKnownFileType = sourcecode.swift; path = HourlyView.swift; sourceTree = "<group>"; };
		F82DB8652909228C00D88BEC /* DailyForecastView.swift */ = {isa = PBXFileReference; lastKnownFileType = sourcecode.swift; path = DailyForecastView.swift; sourceTree = "<group>"; };
		F82DB8672909229400D88BEC /* DailyView.swift */ = {isa = PBXFileReference; lastKnownFileType = sourcecode.swift; path = DailyView.swift; sourceTree = "<group>"; };
		F82DB8692909265C00D88BEC /* CurrentInfoView.swift */ = {isa = PBXFileReference; lastKnownFileType = sourcecode.swift; path = CurrentInfoView.swift; sourceTree = "<group>"; };
		F82DB87029092B3800D88BEC /* HalfSheetController.swift */ = {isa = PBXFileReference; lastKnownFileType = sourcecode.swift; path = HalfSheetController.swift; sourceTree = "<group>"; };
		F83ECE732907BD6F00E826F0 /* HowWeather.app */ = {isa = PBXFileReference; explicitFileType = wrapper.application; includeInIndex = 0; path = HowWeather.app; sourceTree = BUILT_PRODUCTS_DIR; };
		F83ECE762907BD6F00E826F0 /* HowWeatherApp.swift */ = {isa = PBXFileReference; lastKnownFileType = sourcecode.swift; path = HowWeatherApp.swift; sourceTree = "<group>"; };
		F83ECE782907BD6F00E826F0 /* HomeView.swift */ = {isa = PBXFileReference; lastKnownFileType = sourcecode.swift; path = HomeView.swift; sourceTree = "<group>"; };
		F83ECE7A2907BD7400E826F0 /* Assets.xcassets */ = {isa = PBXFileReference; lastKnownFileType = folder.assetcatalog; path = Assets.xcassets; sourceTree = "<group>"; };
		F83ECE7D2907BD7400E826F0 /* Preview Assets.xcassets */ = {isa = PBXFileReference; lastKnownFileType = folder.assetcatalog; path = "Preview Assets.xcassets"; sourceTree = "<group>"; };
		F899F4FA2913FC27005F0605 /* CurrentWeather.swift */ = {isa = PBXFileReference; lastKnownFileType = sourcecode.swift; path = CurrentWeather.swift; sourceTree = "<group>"; };
		F899F50529140009005F0605 /* WeatherViewModel.swift */ = {isa = PBXFileReference; lastKnownFileType = sourcecode.swift; path = WeatherViewModel.swift; sourceTree = "<group>"; };
		F899F50729140F19005F0605 /* ForecastWeather.swift */ = {isa = PBXFileReference; lastKnownFileType = sourcecode.swift; path = ForecastWeather.swift; sourceTree = "<group>"; };
		F899F50929140FC0005F0605 /* Forecast.swift */ = {isa = PBXFileReference; lastKnownFileType = sourcecode.swift; path = Forecast.swift; sourceTree = "<group>"; };
		F899F50B2914111F005F0605 /* WeatherAPIService.swift */ = {isa = PBXFileReference; lastKnownFileType = sourcecode.swift; path = WeatherAPIService.swift; sourceTree = "<group>"; };
/* End PBXFileReference section */

/* Begin PBXFrameworksBuildPhase section */
		F83ECE702907BD6F00E826F0 /* Frameworks */ = {
			isa = PBXFrameworksBuildPhase;
			buildActionMask = 2147483647;
			files = (
			);
			runOnlyForDeploymentPostprocessing = 0;
		};
/* End PBXFrameworksBuildPhase section */

/* Begin PBXGroup section */
		F82DB85C29090E7D00D88BEC /* View */ = {
			isa = PBXGroup;
			children = (
				F82DB85D29090F5000D88BEC /* HeaderView.swift */,
				F82DB85F290916D900D88BEC /* RecommendedClothesView.swift */,
				F82DB86129091B9800D88BEC /* HourlyForecastView.swift */,
				F82DB86329091BA600D88BEC /* HourlyView.swift */,
				F82DB8652909228C00D88BEC /* DailyForecastView.swift */,
				F82DB8672909229400D88BEC /* DailyView.swift */,
				F82DB8692909265C00D88BEC /* CurrentInfoView.swift */,
			);
			path = View;
			sourceTree = "<group>";
		};
		F82DB86D29092A0A00D88BEC /* Modifier */ = {
			isa = PBXGroup;
			children = (
				F82DB87029092B3800D88BEC /* HalfSheetController.swift */,
			);
			path = Modifier;
			sourceTree = "<group>";
		};
		F83ECE6A2907BD6F00E826F0 = {
			isa = PBXGroup;
			children = (
				F83ECE752907BD6F00E826F0 /* HowWeather */,
				F83ECE742907BD6F00E826F0 /* Products */,
			);
			sourceTree = "<group>";
		};
		F83ECE742907BD6F00E826F0 /* Products */ = {
			isa = PBXGroup;
			children = (
				F83ECE732907BD6F00E826F0 /* HowWeather.app */,
			);
			name = Products;
			sourceTree = "<group>";
		};
		F83ECE752907BD6F00E826F0 /* HowWeather */ = {
			isa = PBXGroup;
			children = (
				F899F5042913FFF6005F0605 /* ViewModel */,
				F899F4F92913FC13005F0605 /* Model */,
				F82DB86D29092A0A00D88BEC /* Modifier */,
				F82DB85C29090E7D00D88BEC /* View */,
				F83ECE762907BD6F00E826F0 /* HowWeatherApp.swift */,
				F83ECE782907BD6F00E826F0 /* HomeView.swift */,
				F83ECE7A2907BD7400E826F0 /* Assets.xcassets */,
				F83ECE7C2907BD7400E826F0 /* Preview Content */,
				F899F50B2914111F005F0605 /* WeatherAPIService.swift */,
			);
			path = HowWeather;
			sourceTree = "<group>";
		};
		F83ECE7C2907BD7400E826F0 /* Preview Content */ = {
			isa = PBXGroup;
			children = (
				F83ECE7D2907BD7400E826F0 /* Preview Assets.xcassets */,
			);
			path = "Preview Content";
			sourceTree = "<group>";
		};
		F899F4F92913FC13005F0605 /* Model */ = {
			isa = PBXGroup;
			children = (
				F899F4FA2913FC27005F0605 /* CurrentWeather.swift */,
				F899F50729140F19005F0605 /* ForecastWeather.swift */,
				F899F50929140FC0005F0605 /* Forecast.swift */,
			);
			path = Model;
			sourceTree = "<group>";
		};
		F899F5042913FFF6005F0605 /* ViewModel */ = {
			isa = PBXGroup;
			children = (
				F899F50529140009005F0605 /* WeatherViewModel.swift */,
			);
			path = ViewModel;
			sourceTree = "<group>";
		};
/* End PBXGroup section */

/* Begin PBXNativeTarget section */
		F83ECE722907BD6F00E826F0 /* HowWeather */ = {
			isa = PBXNativeTarget;
			buildConfigurationList = F83ECE812907BD7400E826F0 /* Build configuration list for PBXNativeTarget "HowWeather" */;
			buildPhases = (
				F83ECE6F2907BD6F00E826F0 /* Sources */,
				F83ECE702907BD6F00E826F0 /* Frameworks */,
				F83ECE712907BD6F00E826F0 /* Resources */,
			);
			buildRules = (
			);
			dependencies = (
			);
			name = HowWeather;
			productName = HowWeather;
			productReference = F83ECE732907BD6F00E826F0 /* HowWeather.app */;
			productType = "com.apple.product-type.application";
		};
/* End PBXNativeTarget section */

/* Begin PBXProject section */
		F83ECE6B2907BD6F00E826F0 /* Project object */ = {
			isa = PBXProject;
			attributes = {
				BuildIndependentTargetsInParallel = 1;
				LastSwiftUpdateCheck = 1320;
				LastUpgradeCheck = 1320;
				TargetAttributes = {
					F83ECE722907BD6F00E826F0 = {
						CreatedOnToolsVersion = 13.2.1;
					};
				};
			};
			buildConfigurationList = F83ECE6E2907BD6F00E826F0 /* Build configuration list for PBXProject "HowWeather" */;
			compatibilityVersion = "Xcode 13.0";
			developmentRegion = en;
			hasScannedForEncodings = 0;
			knownRegions = (
				en,
				Base,
			);
			mainGroup = F83ECE6A2907BD6F00E826F0;
			productRefGroup = F83ECE742907BD6F00E826F0 /* Products */;
			projectDirPath = "";
			projectRoot = "";
			targets = (
				F83ECE722907BD6F00E826F0 /* HowWeather */,
			);
		};
/* End PBXProject section */

/* Begin PBXResourcesBuildPhase section */
		F83ECE712907BD6F00E826F0 /* Resources */ = {
			isa = PBXResourcesBuildPhase;
			buildActionMask = 2147483647;
			files = (
				F83ECE7E2907BD7400E826F0 /* Preview Assets.xcassets in Resources */,
				F83ECE7B2907BD7400E826F0 /* Assets.xcassets in Resources */,
			);
			runOnlyForDeploymentPostprocessing = 0;
		};
/* End PBXResourcesBuildPhase section */

/* Begin PBXSourcesBuildPhase section */
		F83ECE6F2907BD6F00E826F0 /* Sources */ = {
			isa = PBXSourcesBuildPhase;
			buildActionMask = 2147483647;
			files = (
				F899F50C2914111F005F0605 /* WeatherAPIService.swift in Sources */,
				F82DB87129092B3800D88BEC /* HalfSheetController.swift in Sources */,
				F82DB86A2909265C00D88BEC /* CurrentInfoView.swift in Sources */,
				F899F50A29140FC0005F0605 /* Forecast.swift in Sources */,
				F83ECE792907BD6F00E826F0 /* HomeView.swift in Sources */,
				F82DB85E29090F5000D88BEC /* HeaderView.swift in Sources */,
				F83ECE772907BD6F00E826F0 /* HowWeatherApp.swift in Sources */,
				F82DB86429091BA600D88BEC /* HourlyView.swift in Sources */,
				F82DB8662909228C00D88BEC /* DailyForecastView.swift in Sources */,
				F82DB860290916D900D88BEC /* RecommendedClothesView.swift in Sources */,
				F899F50829140F19005F0605 /* ForecastWeather.swift in Sources */,
				F82DB86229091B9800D88BEC /* HourlyForecastView.swift in Sources */,
				F899F50629140009005F0605 /* WeatherViewModel.swift in Sources */,
				F82DB8682909229400D88BEC /* DailyView.swift in Sources */,
				F899F4FB2913FC27005F0605 /* CurrentWeather.swift in Sources */,
			);
			runOnlyForDeploymentPostprocessing = 0;
		};
/* End PBXSourcesBuildPhase section */

/* Begin XCBuildConfiguration section */
		F83ECE7F2907BD7400E826F0 /* Debug */ = {
			isa = XCBuildConfiguration;
			buildSettings = {
				ALWAYS_SEARCH_USER_PATHS = NO;
				CLANG_ANALYZER_NONNULL = YES;
				CLANG_ANALYZER_NUMBER_OBJECT_CONVERSION = YES_AGGRESSIVE;
				CLANG_CXX_LANGUAGE_STANDARD = "gnu++17";
				CLANG_CXX_LIBRARY = "libc++";
				CLANG_ENABLE_MODULES = YES;
				CLANG_ENABLE_OBJC_ARC = YES;
				CLANG_ENABLE_OBJC_WEAK = YES;
				CLANG_WARN_BLOCK_CAPTURE_AUTORELEASING = YES;
				CLANG_WARN_BOOL_CONVERSION = YES;
				CLANG_WARN_COMMA = YES;
				CLANG_WARN_CONSTANT_CONVERSION = YES;
				CLANG_WARN_DEPRECATED_OBJC_IMPLEMENTATIONS = YES;
				CLANG_WARN_DIRECT_OBJC_ISA_USAGE = YES_ERROR;
				CLANG_WARN_DOCUMENTATION_COMMENTS = YES;
				CLANG_WARN_EMPTY_BODY = YES;
				CLANG_WARN_ENUM_CONVERSION = YES;
				CLANG_WARN_INFINITE_RECURSION = YES;
				CLANG_WARN_INT_CONVERSION = YES;
				CLANG_WARN_NON_LITERAL_NULL_CONVERSION = YES;
				CLANG_WARN_OBJC_IMPLICIT_RETAIN_SELF = YES;
				CLANG_WARN_OBJC_LITERAL_CONVERSION = YES;
				CLANG_WARN_OBJC_ROOT_CLASS = YES_ERROR;
				CLANG_WARN_QUOTED_INCLUDE_IN_FRAMEWORK_HEADER = YES;
				CLANG_WARN_RANGE_LOOP_ANALYSIS = YES;
				CLANG_WARN_STRICT_PROTOTYPES = YES;
				CLANG_WARN_SUSPICIOUS_MOVE = YES;
				CLANG_WARN_UNGUARDED_AVAILABILITY = YES_AGGRESSIVE;
				CLANG_WARN_UNREACHABLE_CODE = YES;
				CLANG_WARN__DUPLICATE_METHOD_MATCH = YES;
				COPY_PHASE_STRIP = NO;
				DEBUG_INFORMATION_FORMAT = dwarf;
				ENABLE_STRICT_OBJC_MSGSEND = YES;
				ENABLE_TESTABILITY = YES;
				GCC_C_LANGUAGE_STANDARD = gnu11;
				GCC_DYNAMIC_NO_PIC = NO;
				GCC_NO_COMMON_BLOCKS = YES;
				GCC_OPTIMIZATION_LEVEL = 0;
				GCC_PREPROCESSOR_DEFINITIONS = (
					"DEBUG=1",
					"$(inherited)",
				);
				GCC_WARN_64_TO_32_BIT_CONVERSION = YES;
				GCC_WARN_ABOUT_RETURN_TYPE = YES_ERROR;
				GCC_WARN_UNDECLARED_SELECTOR = YES;
				GCC_WARN_UNINITIALIZED_AUTOS = YES_AGGRESSIVE;
				GCC_WARN_UNUSED_FUNCTION = YES;
				GCC_WARN_UNUSED_VARIABLE = YES;
				IPHONEOS_DEPLOYMENT_TARGET = 15.2;
				MTL_ENABLE_DEBUG_INFO = INCLUDE_SOURCE;
				MTL_FAST_MATH = YES;
				ONLY_ACTIVE_ARCH = YES;
				SDKROOT = iphoneos;
				SWIFT_ACTIVE_COMPILATION_CONDITIONS = DEBUG;
				SWIFT_OPTIMIZATION_LEVEL = "-Onone";
			};
			name = Debug;
		};
		F83ECE802907BD7400E826F0 /* Release */ = {
			isa = XCBuildConfiguration;
			buildSettings = {
				ALWAYS_SEARCH_USER_PATHS = NO;
				CLANG_ANALYZER_NONNULL = YES;
				CLANG_ANALYZER_NUMBER_OBJECT_CONVERSION = YES_AGGRESSIVE;
				CLANG_CXX_LANGUAGE_STANDARD = "gnu++17";
				CLANG_CXX_LIBRARY = "libc++";
				CLANG_ENABLE_MODULES = YES;
				CLANG_ENABLE_OBJC_ARC = YES;
				CLANG_ENABLE_OBJC_WEAK = YES;
				CLANG_WARN_BLOCK_CAPTURE_AUTORELEASING = YES;
				CLANG_WARN_BOOL_CONVERSION = YES;
				CLANG_WARN_COMMA = YES;
				CLANG_WARN_CONSTANT_CONVERSION = YES;
				CLANG_WARN_DEPRECATED_OBJC_IMPLEMENTATIONS = YES;
				CLANG_WARN_DIRECT_OBJC_ISA_USAGE = YES_ERROR;
				CLANG_WARN_DOCUMENTATION_COMMENTS = YES;
				CLANG_WARN_EMPTY_BODY = YES;
				CLANG_WARN_ENUM_CONVERSION = YES;
				CLANG_WARN_INFINITE_RECURSION = YES;
				CLANG_WARN_INT_CONVERSION = YES;
				CLANG_WARN_NON_LITERAL_NULL_CONVERSION = YES;
				CLANG_WARN_OBJC_IMPLICIT_RETAIN_SELF = YES;
				CLANG_WARN_OBJC_LITERAL_CONVERSION = YES;
				CLANG_WARN_OBJC_ROOT_CLASS = YES_ERROR;
				CLANG_WARN_QUOTED_INCLUDE_IN_FRAMEWORK_HEADER = YES;
				CLANG_WARN_RANGE_LOOP_ANALYSIS = YES;
				CLANG_WARN_STRICT_PROTOTYPES = YES;
				CLANG_WARN_SUSPICIOUS_MOVE = YES;
				CLANG_WARN_UNGUARDED_AVAILABILITY = YES_AGGRESSIVE;
				CLANG_WARN_UNREACHABLE_CODE = YES;
				CLANG_WARN__DUPLICATE_METHOD_MATCH = YES;
				COPY_PHASE_STRIP = NO;
				DEBUG_INFORMATION_FORMAT = "dwarf-with-dsym";
				ENABLE_NS_ASSERTIONS = NO;
				ENABLE_STRICT_OBJC_MSGSEND = YES;
				GCC_C_LANGUAGE_STANDARD = gnu11;
				GCC_NO_COMMON_BLOCKS = YES;
				GCC_WARN_64_TO_32_BIT_CONVERSION = YES;
				GCC_WARN_ABOUT_RETURN_TYPE = YES_ERROR;
				GCC_WARN_UNDECLARED_SELECTOR = YES;
				GCC_WARN_UNINITIALIZED_AUTOS = YES_AGGRESSIVE;
				GCC_WARN_UNUSED_FUNCTION = YES;
				GCC_WARN_UNUSED_VARIABLE = YES;
				IPHONEOS_DEPLOYMENT_TARGET = 15.2;
				MTL_ENABLE_DEBUG_INFO = NO;
				MTL_FAST_MATH = YES;
				SDKROOT = iphoneos;
				SWIFT_COMPILATION_MODE = wholemodule;
				SWIFT_OPTIMIZATION_LEVEL = "-O";
				VALIDATE_PRODUCT = YES;
			};
			name = Release;
		};
		F83ECE822907BD7400E826F0 /* Debug */ = {
			isa = XCBuildConfiguration;
			buildSettings = {
				ASSETCATALOG_COMPILER_APPICON_NAME = AppIcon;
				ASSETCATALOG_COMPILER_GLOBAL_ACCENT_COLOR_NAME = AccentColor;
				CODE_SIGN_STYLE = Automatic;
				CURRENT_PROJECT_VERSION = 1;
				DEVELOPMENT_ASSET_PATHS = "\"HowWeather/Preview Content\"";
				DEVELOPMENT_TEAM = PK8R4W75W3;
				ENABLE_PREVIEWS = YES;
				GENERATE_INFOPLIST_FILE = YES;
				INFOPLIST_KEY_UIApplicationSceneManifest_Generation = YES;
				INFOPLIST_KEY_UIApplicationSupportsIndirectInputEvents = YES;
				INFOPLIST_KEY_UILaunchScreen_Generation = YES;
				INFOPLIST_KEY_UISupportedInterfaceOrientations_iPad = "UIInterfaceOrientationPortrait UIInterfaceOrientationPortraitUpsideDown UIInterfaceOrientationLandscapeLeft UIInterfaceOrientationLandscapeRight";
				INFOPLIST_KEY_UISupportedInterfaceOrientations_iPhone = "UIInterfaceOrientationPortrait UIInterfaceOrientationLandscapeLeft UIInterfaceOrientationLandscapeRight";
				LD_RUNPATH_SEARCH_PATHS = (
					"$(inherited)",
					"@executable_path/Frameworks",
				);
				MARKETING_VERSION = 1.0;
				PRODUCT_BUNDLE_IDENTIFIER = com.thk.HowWeather;
				PRODUCT_NAME = "$(TARGET_NAME)";
				SWIFT_EMIT_LOC_STRINGS = YES;
				SWIFT_VERSION = 5.0;
				TARGETED_DEVICE_FAMILY = "1,2";
			};
			name = Debug;
		};
		F83ECE832907BD7400E826F0 /* Release */ = {
			isa = XCBuildConfiguration;
			buildSettings = {
				ASSETCATALOG_COMPILER_APPICON_NAME = AppIcon;
				ASSETCATALOG_COMPILER_GLOBAL_ACCENT_COLOR_NAME = AccentColor;
				CODE_SIGN_STYLE = Automatic;
				CURRENT_PROJECT_VERSION = 1;
				DEVELOPMENT_ASSET_PATHS = "\"HowWeather/Preview Content\"";
				DEVELOPMENT_TEAM = PK8R4W75W3;
				ENABLE_PREVIEWS = YES;
				GENERATE_INFOPLIST_FILE = YES;
				INFOPLIST_KEY_UIApplicationSceneManifest_Generation = YES;
				INFOPLIST_KEY_UIApplicationSupportsIndirectInputEvents = YES;
				INFOPLIST_KEY_UILaunchScreen_Generation = YES;
				INFOPLIST_KEY_UISupportedInterfaceOrientations_iPad = "UIInterfaceOrientationPortrait UIInterfaceOrientationPortraitUpsideDown UIInterfaceOrientationLandscapeLeft UIInterfaceOrientationLandscapeRight";
				INFOPLIST_KEY_UISupportedInterfaceOrientations_iPhone = "UIInterfaceOrientationPortrait UIInterfaceOrientationLandscapeLeft UIInterfaceOrientationLandscapeRight";
				LD_RUNPATH_SEARCH_PATHS = (
					"$(inherited)",
					"@executable_path/Frameworks",
				);
				MARKETING_VERSION = 1.0;
				PRODUCT_BUNDLE_IDENTIFIER = com.thk.HowWeather;
				PRODUCT_NAME = "$(TARGET_NAME)";
				SWIFT_EMIT_LOC_STRINGS = YES;
				SWIFT_VERSION = 5.0;
				TARGETED_DEVICE_FAMILY = "1,2";
			};
			name = Release;
		};
/* End XCBuildConfiguration section */

/* Begin XCConfigurationList section */
		F83ECE6E2907BD6F00E826F0 /* Build configuration list for PBXProject "HowWeather" */ = {
			isa = XCConfigurationList;
			buildConfigurations = (
				F83ECE7F2907BD7400E826F0 /* Debug */,
				F83ECE802907BD7400E826F0 /* Release */,
			);
			defaultConfigurationIsVisible = 0;
			defaultConfigurationName = Release;
		};
		F83ECE812907BD7400E826F0 /* Build configuration list for PBXNativeTarget "HowWeather" */ = {
			isa = XCConfigurationList;
			buildConfigurations = (
				F83ECE822907BD7400E826F0 /* Debug */,
				F83ECE832907BD7400E826F0 /* Release */,
			);
			defaultConfigurationIsVisible = 0;
			defaultConfigurationName = Release;
		};
/* End XCConfigurationList section */
	};
	rootObject = F83ECE6B2907BD6F00E826F0 /* Project object */;
}
